{
  "name": "vest-form-demo",
  "requires": true,
  "lockfileVersion": 1,
  "dependencies": {
    "@mycolorway/vest-core": {
      "version": "file:../../vest-core",
      "requires": {
        "@babel/core": "^7.5.5",
        "@babel/plugin-transform-modules-commonjs": "^7.5.0",
        "@babel/preset-env": "^7.5.5",
        "@mycolorway/weui-wxss": "^1.1.1"
      },
      "dependencies": {
        "@babel/code-frame": {
          "version": "7.0.0",
          "bundled": true,
          "requires": {
            "@babel/highlight": "^7.0.0"
          }
        },
        "@babel/core": {
          "version": "7.5.5",
          "bundled": true,
          "requires": {
            "@babel/code-frame": "^7.5.5",
            "@babel/generator": "^7.5.5",
            "@babel/helpers": "^7.5.5",
            "@babel/parser": "^7.5.5",
            "@babel/template": "^7.4.4",
            "@babel/traverse": "^7.5.5",
            "@babel/types": "^7.5.5",
            "convert-source-map": "^1.1.0",
            "debug": "^4.1.0",
            "json5": "^2.1.0",
            "lodash": "^4.17.13",
            "resolve": "^1.3.2",
            "semver": "^5.4.1",
            "source-map": "^0.5.0"
          },
          "dependencies": {
            "@babel/code-frame": {
              "version": "7.5.5",
              "bundled": true,
              "requires": {
                "@babel/highlight": "^7.0.0"
              }
            },
            "@babel/parser": {
              "version": "7.5.5",
              "bundled": true
            },
            "@babel/template": {
              "version": "7.4.4",
              "bundled": true,
              "requires": {
                "@babel/code-frame": "^7.0.0",
                "@babel/parser": "^7.4.4",
                "@babel/types": "^7.4.4"
              }
            },
            "@babel/types": {
              "version": "7.5.5",
              "bundled": true,
              "requires": {
                "esutils": "^2.0.2",
                "lodash": "^4.17.13",
                "to-fast-properties": "^2.0.0"
              }
            },
            "debug": {
              "version": "4.1.1",
              "bundled": true,
              "requires": {
                "ms": "^2.1.1"
              }
            },
            "json5": {
              "version": "2.1.0",
              "bundled": true,
              "requires": {
                "minimist": "^1.2.0"
              }
            },
            "lodash": {
              "version": "4.17.15",
              "bundled": true
            },
            "minimist": {
              "version": "1.2.0",
              "bundled": true
            }
          }
        },
        "@babel/generator": {
          "version": "7.5.5",
          "bundled": true,
          "requires": {
            "@babel/types": "^7.5.5",
            "jsesc": "^2.5.1",
            "lodash": "^4.17.13",
            "source-map": "^0.5.0",
            "trim-right": "^1.0.1"
          },
          "dependencies": {
            "@babel/types": {
              "version": "7.5.5",
              "bundled": true,
              "requires": {
                "esutils": "^2.0.2",
                "lodash": "^4.17.13",
                "to-fast-properties": "^2.0.0"
              }
            },
            "lodash": {
              "version": "4.17.15",
              "bundled": true
            }
          }
        },
        "@babel/helper-annotate-as-pure": {
          "version": "7.0.0",
          "bundled": true,
          "requires": {
            "@babel/types": "^7.0.0"
          }
        },
        "@babel/helper-builder-binary-assignment-operator-visitor": {
          "version": "7.1.0",
          "bundled": true,
          "requires": {
            "@babel/helper-explode-assignable-expression": "^7.1.0",
            "@babel/types": "^7.0.0"
          }
        },
        "@babel/helper-call-delegate": {
          "version": "7.4.4",
          "bundled": true,
          "requires": {
            "@babel/helper-hoist-variables": "^7.4.4",
            "@babel/traverse": "^7.4.4",
            "@babel/types": "^7.4.4"
          },
          "dependencies": {
            "@babel/types": {
              "version": "7.5.5",
              "bundled": true,
              "requires": {
                "esutils": "^2.0.2",
                "lodash": "^4.17.13",
                "to-fast-properties": "^2.0.0"
              }
            },
            "lodash": {
              "version": "4.17.15",
              "bundled": true
            }
          }
        },
        "@babel/helper-define-map": {
          "version": "7.5.5",
          "bundled": true,
          "requires": {
            "@babel/helper-function-name": "^7.1.0",
            "@babel/types": "^7.5.5",
            "lodash": "^4.17.13"
          },
          "dependencies": {
            "@babel/types": {
              "version": "7.5.5",
              "bundled": true,
              "requires": {
                "esutils": "^2.0.2",
                "lodash": "^4.17.13",
                "to-fast-properties": "^2.0.0"
              }
            },
            "lodash": {
              "version": "4.17.15",
              "bundled": true
            }
          }
        },
        "@babel/helper-explode-assignable-expression": {
          "version": "7.1.0",
          "bundled": true,
          "requires": {
            "@babel/traverse": "^7.1.0",
            "@babel/types": "^7.0.0"
          }
        },
        "@babel/helper-function-name": {
          "version": "7.1.0",
          "bundled": true,
          "requires": {
            "@babel/helper-get-function-arity": "^7.0.0",
            "@babel/template": "^7.1.0",
            "@babel/types": "^7.0.0"
          }
        },
        "@babel/helper-get-function-arity": {
          "version": "7.0.0",
          "bundled": true,
          "requires": {
            "@babel/types": "^7.0.0"
          }
        },
        "@babel/helper-hoist-variables": {
          "version": "7.4.4",
          "bundled": true,
          "requires": {
            "@babel/types": "^7.4.4"
          },
          "dependencies": {
            "@babel/types": {
              "version": "7.5.5",
              "bundled": true,
              "requires": {
                "esutils": "^2.0.2",
                "lodash": "^4.17.13",
                "to-fast-properties": "^2.0.0"
              }
            },
            "lodash": {
              "version": "4.17.15",
              "bundled": true
            }
          }
        },
        "@babel/helper-member-expression-to-functions": {
          "version": "7.5.5",
          "bundled": true,
          "requires": {
            "@babel/types": "^7.5.5"
          },
          "dependencies": {
            "@babel/types": {
              "version": "7.5.5",
              "bundled": true,
              "requires": {
                "esutils": "^2.0.2",
                "lodash": "^4.17.13",
                "to-fast-properties": "^2.0.0"
              }
            },
            "lodash": {
              "version": "4.17.15",
              "bundled": true
            }
          }
        },
        "@babel/helper-module-imports": {
          "version": "7.0.0",
          "bundled": true,
          "requires": {
            "@babel/types": "^7.0.0"
          }
        },
        "@babel/helper-module-transforms": {
          "version": "7.1.0",
          "bundled": true,
          "requires": {
            "@babel/helper-module-imports": "^7.0.0",
            "@babel/helper-simple-access": "^7.1.0",
            "@babel/helper-split-export-declaration": "^7.0.0",
            "@babel/template": "^7.1.0",
            "@babel/types": "^7.0.0",
            "lodash": "^4.17.10"
          }
        },
        "@babel/helper-optimise-call-expression": {
          "version": "7.0.0",
          "bundled": true,
          "requires": {
            "@babel/types": "^7.0.0"
          }
        },
        "@babel/helper-plugin-utils": {
          "version": "7.0.0",
          "bundled": true
        },
        "@babel/helper-regex": {
          "version": "7.5.5",
          "bundled": true,
          "requires": {
            "lodash": "^4.17.13"
          },
          "dependencies": {
            "lodash": {
              "version": "4.17.15",
              "bundled": true
            }
          }
        },
        "@babel/helper-remap-async-to-generator": {
          "version": "7.1.0",
          "bundled": true,
          "requires": {
            "@babel/helper-annotate-as-pure": "^7.0.0",
            "@babel/helper-wrap-function": "^7.1.0",
            "@babel/template": "^7.1.0",
            "@babel/traverse": "^7.1.0",
            "@babel/types": "^7.0.0"
          }
        },
        "@babel/helper-replace-supers": {
          "version": "7.5.5",
          "bundled": true,
          "requires": {
            "@babel/helper-member-expression-to-functions": "^7.5.5",
            "@babel/helper-optimise-call-expression": "^7.0.0",
            "@babel/traverse": "^7.5.5",
            "@babel/types": "^7.5.5"
          },
          "dependencies": {
            "@babel/types": {
              "version": "7.5.5",
              "bundled": true,
              "requires": {
                "esutils": "^2.0.2",
                "lodash": "^4.17.13",
                "to-fast-properties": "^2.0.0"
              }
            },
            "lodash": {
              "version": "4.17.15",
              "bundled": true
            }
          }
        },
        "@babel/helper-simple-access": {
          "version": "7.1.0",
          "bundled": true,
          "requires": {
            "@babel/template": "^7.1.0",
            "@babel/types": "^7.0.0"
          }
        },
        "@babel/helper-split-export-declaration": {
          "version": "7.0.0",
          "bundled": true,
          "requires": {
            "@babel/types": "^7.0.0"
          }
        },
        "@babel/helper-wrap-function": {
          "version": "7.2.0",
          "bundled": true,
          "requires": {
            "@babel/helper-function-name": "^7.1.0",
            "@babel/template": "^7.1.0",
            "@babel/traverse": "^7.1.0",
            "@babel/types": "^7.2.0"
          },
          "dependencies": {
            "@babel/types": {
              "version": "7.5.5",
              "bundled": true,
              "requires": {
                "esutils": "^2.0.2",
                "lodash": "^4.17.13",
                "to-fast-properties": "^2.0.0"
              }
            },
            "lodash": {
              "version": "4.17.15",
              "bundled": true
            }
          }
        },
        "@babel/helpers": {
          "version": "7.5.5",
          "bundled": true,
          "requires": {
            "@babel/template": "^7.4.4",
            "@babel/traverse": "^7.5.5",
            "@babel/types": "^7.5.5"
          },
          "dependencies": {
            "@babel/parser": {
              "version": "7.5.5",
              "bundled": true
            },
            "@babel/template": {
              "version": "7.4.4",
              "bundled": true,
              "requires": {
                "@babel/code-frame": "^7.0.0",
                "@babel/parser": "^7.4.4",
                "@babel/types": "^7.4.4"
              }
            },
            "@babel/types": {
              "version": "7.5.5",
              "bundled": true,
              "requires": {
                "esutils": "^2.0.2",
                "lodash": "^4.17.13",
                "to-fast-properties": "^2.0.0"
              }
            },
            "lodash": {
              "version": "4.17.15",
              "bundled": true
            }
          }
        },
        "@babel/highlight": {
          "version": "7.0.0",
          "bundled": true,
          "requires": {
            "chalk": "^2.0.0",
            "esutils": "^2.0.2",
            "js-tokens": "^4.0.0"
          }
        },
        "@babel/parser": {
          "version": "7.1.3",
          "bundled": true
        },
        "@babel/plugin-proposal-async-generator-functions": {
          "version": "7.2.0",
          "bundled": true,
          "requires": {
            "@babel/helper-plugin-utils": "^7.0.0",
            "@babel/helper-remap-async-to-generator": "^7.1.0",
            "@babel/plugin-syntax-async-generators": "^7.2.0"
          }
        },
        "@babel/plugin-proposal-dynamic-import": {
          "version": "7.5.0",
          "bundled": true,
          "requires": {
            "@babel/helper-plugin-utils": "^7.0.0",
            "@babel/plugin-syntax-dynamic-import": "^7.2.0"
          }
        },
        "@babel/plugin-proposal-json-strings": {
          "version": "7.2.0",
          "bundled": true,
          "requires": {
            "@babel/helper-plugin-utils": "^7.0.0",
            "@babel/plugin-syntax-json-strings": "^7.2.0"
          }
        },
        "@babel/plugin-proposal-object-rest-spread": {
          "version": "7.5.5",
          "bundled": true,
          "requires": {
            "@babel/helper-plugin-utils": "^7.0.0",
            "@babel/plugin-syntax-object-rest-spread": "^7.2.0"
          }
        },
        "@babel/plugin-proposal-optional-catch-binding": {
          "version": "7.2.0",
          "bundled": true,
          "requires": {
            "@babel/helper-plugin-utils": "^7.0.0",
            "@babel/plugin-syntax-optional-catch-binding": "^7.2.0"
          }
        },
        "@babel/plugin-proposal-unicode-property-regex": {
          "version": "7.4.4",
          "bundled": true,
          "requires": {
            "@babel/helper-plugin-utils": "^7.0.0",
            "@babel/helper-regex": "^7.4.4",
            "regexpu-core": "^4.5.4"
          }
        },
        "@babel/plugin-syntax-async-generators": {
          "version": "7.2.0",
          "bundled": true,
          "requires": {
            "@babel/helper-plugin-utils": "^7.0.0"
          }
        },
        "@babel/plugin-syntax-dynamic-import": {
          "version": "7.2.0",
          "bundled": true,
          "requires": {
            "@babel/helper-plugin-utils": "^7.0.0"
          }
        },
        "@babel/plugin-syntax-json-strings": {
          "version": "7.2.0",
          "bundled": true,
          "requires": {
            "@babel/helper-plugin-utils": "^7.0.0"
          }
        },
        "@babel/plugin-syntax-object-rest-spread": {
          "version": "7.2.0",
          "bundled": true,
          "requires": {
            "@babel/helper-plugin-utils": "^7.0.0"
          }
        },
        "@babel/plugin-syntax-optional-catch-binding": {
          "version": "7.2.0",
          "bundled": true,
          "requires": {
            "@babel/helper-plugin-utils": "^7.0.0"
          }
        },
        "@babel/plugin-transform-arrow-functions": {
          "version": "7.2.0",
          "bundled": true,
          "requires": {
            "@babel/helper-plugin-utils": "^7.0.0"
          }
        },
        "@babel/plugin-transform-async-to-generator": {
          "version": "7.5.0",
          "bundled": true,
          "requires": {
            "@babel/helper-module-imports": "^7.0.0",
            "@babel/helper-plugin-utils": "^7.0.0",
            "@babel/helper-remap-async-to-generator": "^7.1.0"
          }
        },
        "@babel/plugin-transform-block-scoped-functions": {
          "version": "7.2.0",
          "bundled": true,
          "requires": {
            "@babel/helper-plugin-utils": "^7.0.0"
          }
        },
        "@babel/plugin-transform-block-scoping": {
          "version": "7.5.5",
          "bundled": true,
          "requires": {
            "@babel/helper-plugin-utils": "^7.0.0",
            "lodash": "^4.17.13"
          },
          "dependencies": {
            "lodash": {
              "version": "4.17.15",
              "bundled": true
            }
          }
        },
        "@babel/plugin-transform-classes": {
          "version": "7.5.5",
          "bundled": true,
          "requires": {
            "@babel/helper-annotate-as-pure": "^7.0.0",
            "@babel/helper-define-map": "^7.5.5",
            "@babel/helper-function-name": "^7.1.0",
            "@babel/helper-optimise-call-expression": "^7.0.0",
            "@babel/helper-plugin-utils": "^7.0.0",
            "@babel/helper-replace-supers": "^7.5.5",
            "@babel/helper-split-export-declaration": "^7.4.4",
            "globals": "^11.1.0"
          },
          "dependencies": {
            "@babel/helper-split-export-declaration": {
              "version": "7.4.4",
              "bundled": true,
              "requires": {
                "@babel/types": "^7.4.4"
              }
            },
            "@babel/types": {
              "version": "7.5.5",
              "bundled": true,
              "requires": {
                "esutils": "^2.0.2",
                "lodash": "^4.17.13",
                "to-fast-properties": "^2.0.0"
              }
            },
            "lodash": {
              "version": "4.17.15",
              "bundled": true
            }
          }
        },
        "@babel/plugin-transform-computed-properties": {
          "version": "7.2.0",
          "bundled": true,
          "requires": {
            "@babel/helper-plugin-utils": "^7.0.0"
          }
        },
        "@babel/plugin-transform-destructuring": {
          "version": "7.5.0",
          "bundled": true,
          "requires": {
            "@babel/helper-plugin-utils": "^7.0.0"
          }
        },
        "@babel/plugin-transform-dotall-regex": {
          "version": "7.4.4",
          "bundled": true,
          "requires": {
            "@babel/helper-plugin-utils": "^7.0.0",
            "@babel/helper-regex": "^7.4.4",
            "regexpu-core": "^4.5.4"
          }
        },
        "@babel/plugin-transform-duplicate-keys": {
          "version": "7.5.0",
          "bundled": true,
          "requires": {
            "@babel/helper-plugin-utils": "^7.0.0"
          }
        },
        "@babel/plugin-transform-exponentiation-operator": {
          "version": "7.2.0",
          "bundled": true,
          "requires": {
            "@babel/helper-builder-binary-assignment-operator-visitor": "^7.1.0",
            "@babel/helper-plugin-utils": "^7.0.0"
          }
        },
        "@babel/plugin-transform-for-of": {
          "version": "7.4.4",
          "bundled": true,
          "requires": {
            "@babel/helper-plugin-utils": "^7.0.0"
          }
        },
        "@babel/plugin-transform-function-name": {
          "version": "7.4.4",
          "bundled": true,
          "requires": {
            "@babel/helper-function-name": "^7.1.0",
            "@babel/helper-plugin-utils": "^7.0.0"
          }
        },
        "@babel/plugin-transform-literals": {
          "version": "7.2.0",
          "bundled": true,
          "requires": {
            "@babel/helper-plugin-utils": "^7.0.0"
          }
        },
        "@babel/plugin-transform-member-expression-literals": {
          "version": "7.2.0",
          "bundled": true,
          "requires": {
            "@babel/helper-plugin-utils": "^7.0.0"
          }
        },
        "@babel/plugin-transform-modules-amd": {
          "version": "7.5.0",
          "bundled": true,
          "requires": {
            "@babel/helper-module-transforms": "^7.1.0",
            "@babel/helper-plugin-utils": "^7.0.0",
            "babel-plugin-dynamic-import-node": "^2.3.0"
          }
        },
        "@babel/plugin-transform-modules-commonjs": {
          "version": "7.5.0",
          "bundled": true,
          "requires": {
            "@babel/helper-module-transforms": "^7.4.4",
            "@babel/helper-plugin-utils": "^7.0.0",
            "@babel/helper-simple-access": "^7.1.0",
            "babel-plugin-dynamic-import-node": "^2.3.0"
          },
          "dependencies": {
            "@babel/helper-module-transforms": {
              "version": "7.5.5",
              "bundled": true,
              "requires": {
                "@babel/helper-module-imports": "^7.0.0",
                "@babel/helper-simple-access": "^7.1.0",
                "@babel/helper-split-export-declaration": "^7.4.4",
                "@babel/template": "^7.4.4",
                "@babel/types": "^7.5.5",
                "lodash": "^4.17.13"
              }
            },
            "@babel/helper-split-export-declaration": {
              "version": "7.4.4",
              "bundled": true,
              "requires": {
                "@babel/types": "^7.4.4"
              }
            },
            "@babel/parser": {
              "version": "7.5.5",
              "bundled": true
            },
            "@babel/template": {
              "version": "7.4.4",
              "bundled": true,
              "requires": {
                "@babel/code-frame": "^7.0.0",
                "@babel/parser": "^7.4.4",
                "@babel/types": "^7.4.4"
              }
            },
            "@babel/types": {
              "version": "7.5.5",
              "bundled": true,
              "requires": {
                "esutils": "^2.0.2",
                "lodash": "^4.17.13",
                "to-fast-properties": "^2.0.0"
              }
            },
            "lodash": {
              "version": "4.17.15",
              "bundled": true
            }
          }
        },
        "@babel/plugin-transform-modules-systemjs": {
          "version": "7.5.0",
          "bundled": true,
          "requires": {
            "@babel/helper-hoist-variables": "^7.4.4",
            "@babel/helper-plugin-utils": "^7.0.0",
            "babel-plugin-dynamic-import-node": "^2.3.0"
          }
        },
        "@babel/plugin-transform-modules-umd": {
          "version": "7.2.0",
          "bundled": true,
          "requires": {
            "@babel/helper-module-transforms": "^7.1.0",
            "@babel/helper-plugin-utils": "^7.0.0"
          }
        },
        "@babel/plugin-transform-named-capturing-groups-regex": {
          "version": "7.4.5",
          "bundled": true,
          "requires": {
            "regexp-tree": "^0.1.6"
          }
        },
        "@babel/plugin-transform-new-target": {
          "version": "7.4.4",
          "bundled": true,
          "requires": {
            "@babel/helper-plugin-utils": "^7.0.0"
          }
        },
        "@babel/plugin-transform-object-super": {
          "version": "7.5.5",
          "bundled": true,
          "requires": {
            "@babel/helper-plugin-utils": "^7.0.0",
            "@babel/helper-replace-supers": "^7.5.5"
          }
        },
        "@babel/plugin-transform-parameters": {
          "version": "7.4.4",
          "bundled": true,
          "requires": {
            "@babel/helper-call-delegate": "^7.4.4",
            "@babel/helper-get-function-arity": "^7.0.0",
            "@babel/helper-plugin-utils": "^7.0.0"
          }
        },
        "@babel/plugin-transform-property-literals": {
          "version": "7.2.0",
          "bundled": true,
          "requires": {
            "@babel/helper-plugin-utils": "^7.0.0"
          }
        },
        "@babel/plugin-transform-regenerator": {
          "version": "7.4.5",
          "bundled": true,
          "requires": {
            "regenerator-transform": "^0.14.0"
          }
        },
        "@babel/plugin-transform-reserved-words": {
          "version": "7.2.0",
          "bundled": true,
          "requires": {
            "@babel/helper-plugin-utils": "^7.0.0"
          }
        },
        "@babel/plugin-transform-shorthand-properties": {
          "version": "7.2.0",
          "bundled": true,
          "requires": {
            "@babel/helper-plugin-utils": "^7.0.0"
          }
        },
        "@babel/plugin-transform-spread": {
          "version": "7.2.2",
          "bundled": true,
          "requires": {
            "@babel/helper-plugin-utils": "^7.0.0"
          }
        },
        "@babel/plugin-transform-sticky-regex": {
          "version": "7.2.0",
          "bundled": true,
          "requires": {
            "@babel/helper-plugin-utils": "^7.0.0",
            "@babel/helper-regex": "^7.0.0"
          }
        },
        "@babel/plugin-transform-template-literals": {
          "version": "7.4.4",
          "bundled": true,
          "requires": {
            "@babel/helper-annotate-as-pure": "^7.0.0",
            "@babel/helper-plugin-utils": "^7.0.0"
          }
        },
        "@babel/plugin-transform-typeof-symbol": {
          "version": "7.2.0",
          "bundled": true,
          "requires": {
            "@babel/helper-plugin-utils": "^7.0.0"
          }
        },
        "@babel/plugin-transform-unicode-regex": {
          "version": "7.4.4",
          "bundled": true,
          "requires": {
            "@babel/helper-plugin-utils": "^7.0.0",
            "@babel/helper-regex": "^7.4.4",
            "regexpu-core": "^4.5.4"
          }
        },
        "@babel/preset-env": {
          "version": "7.5.5",
          "bundled": true,
          "requires": {
            "@babel/helper-module-imports": "^7.0.0",
            "@babel/helper-plugin-utils": "^7.0.0",
            "@babel/plugin-proposal-async-generator-functions": "^7.2.0",
            "@babel/plugin-proposal-dynamic-import": "^7.5.0",
            "@babel/plugin-proposal-json-strings": "^7.2.0",
            "@babel/plugin-proposal-object-rest-spread": "^7.5.5",
            "@babel/plugin-proposal-optional-catch-binding": "^7.2.0",
            "@babel/plugin-proposal-unicode-property-regex": "^7.4.4",
            "@babel/plugin-syntax-async-generators": "^7.2.0",
            "@babel/plugin-syntax-dynamic-import": "^7.2.0",
            "@babel/plugin-syntax-json-strings": "^7.2.0",
            "@babel/plugin-syntax-object-rest-spread": "^7.2.0",
            "@babel/plugin-syntax-optional-catch-binding": "^7.2.0",
            "@babel/plugin-transform-arrow-functions": "^7.2.0",
            "@babel/plugin-transform-async-to-generator": "^7.5.0",
            "@babel/plugin-transform-block-scoped-functions": "^7.2.0",
            "@babel/plugin-transform-block-scoping": "^7.5.5",
            "@babel/plugin-transform-classes": "^7.5.5",
            "@babel/plugin-transform-computed-properties": "^7.2.0",
            "@babel/plugin-transform-destructuring": "^7.5.0",
            "@babel/plugin-transform-dotall-regex": "^7.4.4",
            "@babel/plugin-transform-duplicate-keys": "^7.5.0",
            "@babel/plugin-transform-exponentiation-operator": "^7.2.0",
            "@babel/plugin-transform-for-of": "^7.4.4",
            "@babel/plugin-transform-function-name": "^7.4.4",
            "@babel/plugin-transform-literals": "^7.2.0",
            "@babel/plugin-transform-member-expression-literals": "^7.2.0",
            "@babel/plugin-transform-modules-amd": "^7.5.0",
            "@babel/plugin-transform-modules-commonjs": "^7.5.0",
            "@babel/plugin-transform-modules-systemjs": "^7.5.0",
            "@babel/plugin-transform-modules-umd": "^7.2.0",
            "@babel/plugin-transform-named-capturing-groups-regex": "^7.4.5",
            "@babel/plugin-transform-new-target": "^7.4.4",
            "@babel/plugin-transform-object-super": "^7.5.5",
            "@babel/plugin-transform-parameters": "^7.4.4",
            "@babel/plugin-transform-property-literals": "^7.2.0",
            "@babel/plugin-transform-regenerator": "^7.4.5",
            "@babel/plugin-transform-reserved-words": "^7.2.0",
            "@babel/plugin-transform-shorthand-properties": "^7.2.0",
            "@babel/plugin-transform-spread": "^7.2.0",
            "@babel/plugin-transform-sticky-regex": "^7.2.0",
            "@babel/plugin-transform-template-literals": "^7.4.4",
            "@babel/plugin-transform-typeof-symbol": "^7.2.0",
            "@babel/plugin-transform-unicode-regex": "^7.4.4",
            "@babel/types": "^7.5.5",
            "browserslist": "^4.6.0",
            "core-js-compat": "^3.1.1",
            "invariant": "^2.2.2",
            "js-levenshtein": "^1.1.3",
            "semver": "^5.5.0"
          },
          "dependencies": {
            "@babel/helper-module-transforms": {
              "version": "7.5.5",
              "bundled": true,
              "requires": {
                "@babel/helper-module-imports": "^7.0.0",
                "@babel/helper-simple-access": "^7.1.0",
                "@babel/helper-split-export-declaration": "^7.4.4",
                "@babel/template": "^7.4.4",
                "@babel/types": "^7.5.5",
                "lodash": "^4.17.13"
              }
            },
            "@babel/helper-split-export-declaration": {
              "version": "7.4.4",
              "bundled": true,
              "requires": {
                "@babel/types": "^7.4.4"
              }
            },
            "@babel/parser": {
              "version": "7.5.5",
              "bundled": true
            },
            "@babel/plugin-transform-modules-commonjs": {
              "version": "7.5.0",
              "bundled": true,
              "requires": {
                "@babel/helper-module-transforms": "^7.4.4",
                "@babel/helper-plugin-utils": "^7.0.0",
                "@babel/helper-simple-access": "^7.1.0",
                "babel-plugin-dynamic-import-node": "^2.3.0"
              }
            },
            "@babel/template": {
              "version": "7.4.4",
              "bundled": true,
              "requires": {
                "@babel/code-frame": "^7.0.0",
                "@babel/parser": "^7.4.4",
                "@babel/types": "^7.4.4"
              }
            },
            "@babel/types": {
              "version": "7.5.5",
              "bundled": true,
              "requires": {
                "esutils": "^2.0.2",
                "lodash": "^4.17.13",
                "to-fast-properties": "^2.0.0"
              }
            },
            "lodash": {
              "version": "4.17.15",
              "bundled": true
            }
          }
        },
        "@babel/template": {
          "version": "7.1.2",
          "bundled": true,
          "requires": {
            "@babel/code-frame": "^7.0.0",
            "@babel/parser": "^7.1.2",
            "@babel/types": "^7.1.2"
          }
        },
        "@babel/traverse": {
          "version": "7.5.5",
          "bundled": true,
          "requires": {
            "@babel/code-frame": "^7.5.5",
            "@babel/generator": "^7.5.5",
            "@babel/helper-function-name": "^7.1.0",
            "@babel/helper-split-export-declaration": "^7.4.4",
            "@babel/parser": "^7.5.5",
            "@babel/types": "^7.5.5",
            "debug": "^4.1.0",
            "globals": "^11.1.0",
            "lodash": "^4.17.13"
          },
          "dependencies": {
            "@babel/code-frame": {
              "version": "7.5.5",
              "bundled": true,
              "requires": {
                "@babel/highlight": "^7.0.0"
              }
            },
            "@babel/helper-split-export-declaration": {
              "version": "7.4.4",
              "bundled": true,
              "requires": {
                "@babel/types": "^7.4.4"
              }
            },
            "@babel/parser": {
              "version": "7.5.5",
              "bundled": true
            },
            "@babel/types": {
              "version": "7.5.5",
              "bundled": true,
              "requires": {
                "esutils": "^2.0.2",
                "lodash": "^4.17.13",
                "to-fast-properties": "^2.0.0"
              }
            },
            "debug": {
              "version": "4.1.1",
              "bundled": true,
              "requires": {
                "ms": "^2.1.1"
              }
            },
            "lodash": {
              "version": "4.17.15",
              "bundled": true
            }
          }
        },
        "@babel/types": {
          "version": "7.1.3",
          "bundled": true,
          "requires": {
            "esutils": "^2.0.2",
            "lodash": "^4.17.10",
            "to-fast-properties": "^2.0.0"
          }
        },
        "@mycolorway/weui-wxss": {
          "version": "1.1.1",
          "bundled": true
        },
        "ansi-styles": {
          "version": "3.2.1",
          "bundled": true,
          "requires": {
            "color-convert": "^1.9.0"
          }
        },
        "babel-plugin-dynamic-import-node": {
          "version": "2.3.0",
          "bundled": true,
          "requires": {
            "object.assign": "^4.1.0"
          }
        },
        "browserslist": {
          "version": "4.6.6",
          "bundled": true,
          "requires": {
            "caniuse-lite": "^1.0.30000984",
            "electron-to-chromium": "^1.3.191",
            "node-releases": "^1.1.25"
          }
        },
        "caniuse-lite": {
          "version": "1.0.30000986",
          "bundled": true
        },
        "chalk": {
          "version": "2.4.1",
          "bundled": true,
          "requires": {
            "ansi-styles": "^3.2.1",
            "escape-string-regexp": "^1.0.5",
            "supports-color": "^5.3.0"
          }
        },
        "color-convert": {
          "version": "1.9.3",
          "bundled": true,
          "requires": {
            "color-name": "1.1.3"
          }
        },
        "color-name": {
          "version": "1.1.3",
          "bundled": true
        },
        "convert-source-map": {
          "version": "1.6.0",
          "bundled": true,
          "requires": {
            "safe-buffer": "~5.1.1"
          }
        },
        "core-js-compat": {
          "version": "3.1.4",
          "bundled": true,
          "requires": {
            "browserslist": "^4.6.2",
            "core-js-pure": "3.1.4",
            "semver": "^6.1.1"
          },
          "dependencies": {
            "semver": {
              "version": "6.3.0",
              "bundled": true
            }
          }
        },
        "core-js-pure": {
          "version": "3.1.4",
          "bundled": true
        },
        "define-properties": {
          "version": "1.1.3",
          "bundled": true,
          "requires": {
            "object-keys": "^1.0.12"
          }
        },
        "electron-to-chromium": {
          "version": "1.3.202",
          "bundled": true
        },
        "escape-string-regexp": {
          "version": "1.0.5",
          "bundled": true
        },
        "esutils": {
          "version": "2.0.2",
          "bundled": true
        },
        "function-bind": {
          "version": "1.1.1",
          "bundled": true
        },
        "globals": {
          "version": "11.8.0",
          "bundled": true
        },
        "has-flag": {
          "version": "3.0.0",
          "bundled": true
        },
        "has-symbols": {
          "version": "1.0.0",
          "bundled": true
        },
        "invariant": {
          "version": "2.2.4",
          "bundled": true,
          "requires": {
            "loose-envify": "^1.0.0"
          }
        },
        "js-levenshtein": {
          "version": "1.1.6",
          "bundled": true
        },
        "js-tokens": {
          "version": "4.0.0",
          "bundled": true
        },
        "jsesc": {
          "version": "2.5.2",
          "bundled": true
        },
        "lodash": {
          "version": "4.17.15",
          "bundled": true
        },
        "loose-envify": {
          "version": "1.4.0",
          "bundled": true,
          "requires": {
            "js-tokens": "^3.0.0 || ^4.0.0"
          }
        },
        "ms": {
          "version": "2.1.1",
          "bundled": true
        },
        "node-releases": {
          "version": "1.1.26",
          "bundled": true,
          "requires": {
            "semver": "^5.3.0"
          }
        },
        "object-keys": {
          "version": "1.0.12",
          "bundled": true
        },
        "object.assign": {
          "version": "4.1.0",
          "bundled": true,
          "requires": {
            "define-properties": "^1.1.2",
            "function-bind": "^1.1.1",
            "has-symbols": "^1.0.0",
            "object-keys": "^1.0.11"
          }
        },
        "path-parse": {
          "version": "1.0.6",
          "bundled": true
        },
        "private": {
          "version": "0.1.8",
          "bundled": true
        },
        "regenerate": {
          "version": "1.4.0",
          "bundled": true
        },
        "regenerate-unicode-properties": {
          "version": "8.1.0",
          "bundled": true,
          "requires": {
            "regenerate": "^1.4.0"
          }
        },
        "regenerator-transform": {
          "version": "0.14.1",
          "bundled": true,
          "requires": {
            "private": "^0.1.6"
          }
        },
        "regexp-tree": {
          "version": "0.1.11",
          "bundled": true
        },
        "regexpu-core": {
          "version": "4.5.4",
          "bundled": true,
          "requires": {
            "regenerate": "^1.4.0",
            "regenerate-unicode-properties": "^8.0.2",
            "regjsgen": "^0.5.0",
            "regjsparser": "^0.6.0",
            "unicode-match-property-ecmascript": "^1.0.4",
            "unicode-match-property-value-ecmascript": "^1.1.0"
          }
        },
        "regjsgen": {
          "version": "0.5.0",
          "bundled": true
        },
        "regjsparser": {
          "version": "0.6.0",
          "bundled": true,
          "requires": {
            "jsesc": "~0.5.0"
          },
          "dependencies": {
            "jsesc": {
              "version": "0.5.0",
              "bundled": true
            }
          }
        },
        "resolve": {
          "version": "1.8.1",
          "bundled": true,
          "requires": {
            "path-parse": "^1.0.5"
          }
        },
        "safe-buffer": {
          "version": "5.1.2",
          "bundled": true
        },
        "semver": {
          "version": "5.6.0",
          "bundled": true
        },
        "source-map": {
          "version": "0.5.7",
          "bundled": true
        },
        "supports-color": {
          "version": "5.5.0",
          "bundled": true,
          "requires": {
            "has-flag": "^3.0.0"
          }
        },
        "to-fast-properties": {
          "version": "2.0.0",
          "bundled": true
        },
        "trim-right": {
          "version": "1.0.1",
          "bundled": true
        },
        "unicode-canonical-property-names-ecmascript": {
          "version": "1.0.4",
          "bundled": true
        },
        "unicode-match-property-ecmascript": {
          "version": "1.0.4",
          "bundled": true,
          "requires": {
            "unicode-canonical-property-names-ecmascript": "^1.0.4",
            "unicode-property-aliases-ecmascript": "^1.0.4"
          }
        },
        "unicode-match-property-value-ecmascript": {
          "version": "1.1.0",
          "bundled": true
        },
        "unicode-property-aliases-ecmascript": {
          "version": "1.0.5",
          "bundled": true
        }
      }
    }
  }
}
